
Microsoft Visual Studio Solution File, Format Version 12.00
# Visual Studio Version 17
VisualStudioVersion = 17.9.34616.47
MinimumVisualStudioVersion = 10.0.40219.1
Project("{FAE04EC0-301F-11D3-BF4B-00C04F79EFBC}") = "MyPomodoroTimer", "MyPomodoroTimer\MyPomodoroTimer.csproj", "{CBC89698-F3BF-4F0F-BE81-4EC307575558}"
EndProject
Global
	GlobalSection(SolutionConfigurationPlatforms) = preSolution
		Debug|Any CPU = Debug|Any CPU
		Release|Any CPU = Release|Any CPU
	EndGlobalSection
	GlobalSection(ProjectConfigurationPlatforms) = postSolution
		{CBC89698-F3BF-4F0F-BE81-4EC307575558}.Debug|Any CPU.ActiveCfg = Debug|Any CPU
		{CBC89698-F3BF-4F0F-BE81-4EC307575558}.Debug|Any CPU.Build.0 = Debug|Any CPU
		{CBC89698-F3BF-4F0F-BE81-4EC307575558}.Release|Any CPU.ActiveCfg = Release|Any CPU
		{CBC89698-F3BF-4F0F-BE81-4EC307575558}.Release|Any CPU.Build.0 = Release|Any CPU
	EndGlobalSection
	GlobalSection(SolutionProperties) = preSolution
		HideSolutionNode = FALSE
	EndGlobalSection
	GlobalSection(ExtensibilityGlobals) = postSolution
		SolutionGuid = {0DDE0DF6-0B01-4702-924D-956A4FAF9703}
	EndGlobalSection
EndGlobal
